
Microsoft Visual Studio Solution File, Format Version 12.00
# Visual Studio Version 17
VisualStudioVersion = 17.3.32929.385
MinimumVisualStudioVersion = 10.0.40219.1
Project("{9A19103F-16F7-4668-BE54-9A1E7A4F7556}") = "LambdaBuilder.Tests", "LambdaBuilder.Tests.csproj", "{F355A711-7428-4C4C-951A-59C167FB4856}"
EndProject
Project("{9A19103F-16F7-4668-BE54-9A1E7A4F7556}") = "LambdaBuilder", "..\LambdaBuilder\LambdaBuilder.csproj", "{E48F1CB1-C38A-4965-AE23-91AB2F09311E}"
EndProject
Project("{9A19103F-16F7-4668-BE54-9A1E7A4F7556}") = "ConsoleApp1", "..\ConsoleApp1\ConsoleApp1.csproj", "{46DD7A9D-C06A-4E0E-99AB-5FE85B692E19}"
EndProject
Global
	GlobalSection(SolutionConfigurationPlatforms) = preSolution
		Debug|Any CPU = Debug|Any CPU
		Release|Any CPU = Release|Any CPU
	EndGlobalSection
	GlobalSection(ProjectConfigurationPlatforms) = postSolution
		{F355A711-7428-4C4C-951A-59C167FB4856}.Debug|Any CPU.ActiveCfg = Debug|Any CPU
		{F355A711-7428-4C4C-951A-59C167FB4856}.Debug|Any CPU.Build.0 = Debug|Any CPU
		{F355A711-7428-4C4C-951A-59C167FB4856}.Release|Any CPU.ActiveCfg = Release|Any CPU
		{F355A711-7428-4C4C-951A-59C167FB4856}.Release|Any CPU.Build.0 = Release|Any CPU
		{E48F1CB1-C38A-4965-AE23-91AB2F09311E}.Debug|Any CPU.ActiveCfg = Debug|Any CPU
		{E48F1CB1-C38A-4965-AE23-91AB2F09311E}.Debug|Any CPU.Build.0 = Debug|Any CPU
		{E48F1CB1-C38A-4965-AE23-91AB2F09311E}.Release|Any CPU.ActiveCfg = Release|Any CPU
		{E48F1CB1-C38A-4965-AE23-91AB2F09311E}.Release|Any CPU.Build.0 = Release|Any CPU
		{46DD7A9D-C06A-4E0E-99AB-5FE85B692E19}.Debug|Any CPU.ActiveCfg = Debug|Any CPU
		{46DD7A9D-C06A-4E0E-99AB-5FE85B692E19}.Debug|Any CPU.Build.0 = Debug|Any CPU
		{46DD7A9D-C06A-4E0E-99AB-5FE85B692E19}.Release|Any CPU.ActiveCfg = Release|Any CPU
		{46DD7A9D-C06A-4E0E-99AB-5FE85B692E19}.Release|Any CPU.Build.0 = Release|Any CPU
	EndGlobalSection
	GlobalSection(SolutionProperties) = preSolution
		HideSolutionNode = FALSE
	EndGlobalSection
	GlobalSection(ExtensibilityGlobals) = postSolution
		SolutionGuid = {CFE2F206-78C3-4249-831A-CE72A6055221}
	EndGlobalSection
EndGlobal
